
Microsoft Visual Studio Solution File, Format Version 12.00
# Visual Studio 2012
Project("{FAE04EC0-301F-11D3-BF4B-00C04F79EFBC}") = "Smart-install", "Smart-install\Smart-install.csproj", "{093209EE-2DE3-43EB-A81F-0FA579DDBA0C}"
EndProject
Global
	GlobalSection(SolutionConfigurationPlatforms) = preSolution
		Debug|Any CPU = Debug|Any CPU
		Release|Any CPU = Release|Any CPU
	EndGlobalSection
	GlobalSection(ProjectConfigurationPlatforms) = postSolution
		{093209EE-2DE3-43EB-A81F-0FA579DDBA0C}.Debug|Any CPU.ActiveCfg = Debug|Any CPU
		{093209EE-2DE3-43EB-A81F-0FA579DDBA0C}.Debug|Any CPU.Build.0 = Debug|Any CPU
		{093209EE-2DE3-43EB-A81F-0FA579DDBA0C}.Release|Any CPU.ActiveCfg = Release|Any CPU
		{093209EE-2DE3-43EB-A81F-0FA579DDBA0C}.Release|Any CPU.Build.0 = Release|Any CPU
	EndGlobalSection
	GlobalSection(SolutionProperties) = preSolution
		HideSolutionNode = FALSE
	EndGlobalSection
EndGlobal
